
Microsoft Visual Studio Solution File, Format Version 12.00
# Visual Studio 15
VisualStudioVersion = 15.0.28307.1169
MinimumVisualStudioVersion = 10.0.40219.1
Project("{9A19103F-16F7-4668-BE54-9A1E7A4F7556}") = "PK.Swagger.Extension.Net", "PK.Swagger.Extension.Net\PK.Swagger.Extension.Net.csproj", "{B3EF2E35-9C30-4618-998B-971F519D410E}"
EndProject
Project("{FAE04EC0-301F-11D3-BF4B-00C04F79EFBC}") = "PK.Swagger.Extension.Net.TestWebApi", "PK.Swagger.Extension.Net.TestWebApi\PK.Swagger.Extension.Net.TestWebApi.csproj", "{F79F6241-AB92-4C5F-9080-9DD442E9C706}"
EndProject
Project("{FAE04EC0-301F-11D3-BF4B-00C04F79EFBC}") = "PK.Swagger.Extension.Net.TestModel", "PK.Swagger.Extension.Net.TestModel\PK.Swagger.Extension.Net.TestModel.csproj", "{AA58AA6C-9666-4664-B0FF-ADD7EE67716B}"
EndProject
Global
	GlobalSection(SolutionConfigurationPlatforms) = preSolution
		Debug|Any CPU = Debug|Any CPU
		Release|Any CPU = Release|Any CPU
	EndGlobalSection
	GlobalSection(ProjectConfigurationPlatforms) = postSolution
		{B3EF2E35-9C30-4618-998B-971F519D410E}.Debug|Any CPU.ActiveCfg = Debug|Any CPU
		{B3EF2E35-9C30-4618-998B-971F519D410E}.Debug|Any CPU.Build.0 = Debug|Any CPU
		{B3EF2E35-9C30-4618-998B-971F519D410E}.Release|Any CPU.ActiveCfg = Release|Any CPU
		{B3EF2E35-9C30-4618-998B-971F519D410E}.Release|Any CPU.Build.0 = Release|Any CPU
		{F79F6241-AB92-4C5F-9080-9DD442E9C706}.Debug|Any CPU.ActiveCfg = Debug|Any CPU
		{F79F6241-AB92-4C5F-9080-9DD442E9C706}.Debug|Any CPU.Build.0 = Debug|Any CPU
		{F79F6241-AB92-4C5F-9080-9DD442E9C706}.Release|Any CPU.ActiveCfg = Release|Any CPU
		{F79F6241-AB92-4C5F-9080-9DD442E9C706}.Release|Any CPU.Build.0 = Release|Any CPU
		{AA58AA6C-9666-4664-B0FF-ADD7EE67716B}.Debug|Any CPU.ActiveCfg = Debug|Any CPU
		{AA58AA6C-9666-4664-B0FF-ADD7EE67716B}.Debug|Any CPU.Build.0 = Debug|Any CPU
		{AA58AA6C-9666-4664-B0FF-ADD7EE67716B}.Release|Any CPU.ActiveCfg = Release|Any CPU
		{AA58AA6C-9666-4664-B0FF-ADD7EE67716B}.Release|Any CPU.Build.0 = Release|Any CPU
	EndGlobalSection
	GlobalSection(SolutionProperties) = preSolution
		HideSolutionNode = FALSE
	EndGlobalSection
	GlobalSection(ExtensibilityGlobals) = postSolution
		SolutionGuid = {D52BCB3B-2E0B-445E-B2B8-33184B0B4C40}
	EndGlobalSection
EndGlobal
